<Solution>
  <Project Path="CodeAssembly.csproj" />
  <Project Path="Kybernetik.UltEvents.Editor.csproj" />
  <Project Path="Kybernetik.UltEvents.csproj" />
  <Project Path="DOTween.Modules.csproj" />
  <Project Path="Assembly-CSharp.csproj" />
  <Project Path="Tests.csproj" />
  <Project Path="Assembly-CSharp-Editor.csproj" />
</Solution>
